
Microsoft Visual Studio Solution File, Format Version 12.00
# Visual Studio Version 17
VisualStudioVersion = 17.2.32616.157
MinimumVisualStudioVersion = 10.0.40219.1
Project("{FAE04EC0-301F-11D3-BF4B-00C04F79EFBC}") = "ValidatorBridgeCli", "ValidatorBridgeCli\ValidatorBridgeCli.csproj", "{71B50D43-D831-452C-8B6E-73823EDDC3D2}"
EndProject
Project("{FAE04EC0-301F-11D3-BF4B-00C04F79EFBC}") = "ValidatorBridge.Logic", "ValidatorBridge.Logic\ValidatorBridge.Logic.csproj", "{C7BE1676-6437-4BC1-A93C-9833E895C0CC}"
EndProject
Global
	GlobalSection(SolutionConfigurationPlatforms) = preSolution
		Debug|Any CPU = Debug|Any CPU
		Release|Any CPU = Release|Any CPU
	EndGlobalSection
	GlobalSection(ProjectConfigurationPlatforms) = postSolution
		{71B50D43-D831-452C-8B6E-73823EDDC3D2}.Debug|Any CPU.ActiveCfg = Debug|Any CPU
		{71B50D43-D831-452C-8B6E-73823EDDC3D2}.Debug|Any CPU.Build.0 = Debug|Any CPU
		{71B50D43-D831-452C-8B6E-73823EDDC3D2}.Release|Any CPU.ActiveCfg = Release|Any CPU
		{71B50D43-D831-452C-8B6E-73823EDDC3D2}.Release|Any CPU.Build.0 = Release|Any CPU
		{C7BE1676-6437-4BC1-A93C-9833E895C0CC}.Debug|Any CPU.ActiveCfg = Debug|Any CPU
		{C7BE1676-6437-4BC1-A93C-9833E895C0CC}.Debug|Any CPU.Build.0 = Debug|Any CPU
		{C7BE1676-6437-4BC1-A93C-9833E895C0CC}.Release|Any CPU.ActiveCfg = Release|Any CPU
		{C7BE1676-6437-4BC1-A93C-9833E895C0CC}.Release|Any CPU.Build.0 = Release|Any CPU
	EndGlobalSection
	GlobalSection(SolutionProperties) = preSolution
		HideSolutionNode = FALSE
	EndGlobalSection
	GlobalSection(ExtensibilityGlobals) = postSolution
		SolutionGuid = {5985508B-8B88-4269-8B8E-53FD9AAFA2E2}
	EndGlobalSection
EndGlobal
